// !$*UTF8*$!
{
	archiveVersion = 1;
	classes = {
	};
	objectVersion = 50;
	objects = {

/* Begin PBXBuildFile section */
		2610B5D4246CF9FE00D79E89 /* AppDelegate.swift in Sources */ = {isa = PBXBuildFile; fileRef = 2610B5D3246CF9FE00D79E89 /* AppDelegate.swift */; };
		2610B5D6246CF9FE00D79E89 /* SceneDelegate.swift in Sources */ = {isa = PBXBuildFile; fileRef = 2610B5D5246CF9FE00D79E89 /* SceneDelegate.swift */; };
		2610B5D8246CF9FE00D79E89 /* ViewController.swift in Sources */ = {isa = PBXBuildFile; fileRef = 2610B5D7246CF9FE00D79E89 /* ViewController.swift */; };
		2610B5DB246CF9FE00D79E89 /* Main.storyboard in Resources */ = {isa = PBXBuildFile; fileRef = 2610B5D9246CF9FE00D79E89 /* Main.storyboard */; };
		2610B5DD246CF9FF00D79E89 /* Assets.xcassets in Resources */ = {isa = PBXBuildFile; fileRef = 2610B5DC246CF9FF00D79E89 /* Assets.xcassets */; };
		2610B5E0246CF9FF00D79E89 /* LaunchScreen.storyboard in Resources */ = {isa = PBXBuildFile; fileRef = 2610B5DE246CF9FF00D79E89 /* LaunchScreen.storyboard */; };
		2610B5EB246CFAAB00D79E89 /* Level.swift in Sources */ = {isa = PBXBuildFile; fileRef = 2610B5EA246CFAAB00D79E89 /* Level.swift */; };
		808F437E246D0FA800E41721 /* secondViewController.swift in Sources */ = {isa = PBXBuildFile; fileRef = 808F437D246D0FA800E41721 /* secondViewController.swift */; };
/* End PBXBuildFile section */

/* Begin PBXFileReference section */
		2610B5D0246CF9FE00D79E89 /* Flyt.app */ = {isa = PBXFileReference; explicitFileType = wrapper.application; includeInIndex = 0; path = Flyt.app; sourceTree = BUILT_PRODUCTS_DIR; };
		2610B5D3246CF9FE00D79E89 /* AppDelegate.swift */ = {isa = PBXFileReference; lastKnownFileType = sourcecode.swift; path = AppDelegate.swift; sourceTree = "<group>"; };
		2610B5D5246CF9FE00D79E89 /* SceneDelegate.swift */ = {isa = PBXFileReference; lastKnownFileType = sourcecode.swift; path = SceneDelegate.swift; sourceTree = "<group>"; };
		2610B5D7246CF9FE00D79E89 /* ViewController.swift */ = {isa = PBXFileReference; lastKnownFileType = sourcecode.swift; path = ViewController.swift; sourceTree = "<group>"; };
		2610B5DA246CF9FE00D79E89 /* Base */ = {isa = PBXFileReference; lastKnownFileType = file.storyboard; name = Base; path = Base.lproj/Main.storyboard; sourceTree = "<group>"; };
		2610B5DC246CF9FF00D79E89 /* Assets.xcassets */ = {isa = PBXFileReference; lastKnownFileType = folder.assetcatalog; path = Assets.xcassets; sourceTree = "<group>"; };
		2610B5DF246CF9FF00D79E89 /* Base */ = {isa = PBXFileReference; lastKnownFileType = file.storyboard; name = Base; path = Base.lproj/LaunchScreen.storyboard; sourceTree = "<group>"; };
		2610B5E1246CF9FF00D79E89 /* Info.plist */ = {isa = PBXFileReference; lastKnownFileType = text.plist.xml; path = Info.plist; sourceTree = "<group>"; };
		2610B5EA246CFAAB00D79E89 /* Level.swift */ = {isa = PBXFileReference; fileEncoding = 4; lastKnownFileType = sourcecode.swift; path = Level.swift; sourceTree = "<group>"; };
		808F437D246D0FA800E41721 /* secondViewController.swift */ = {isa = PBXFileReference; lastKnownFileType = sourcecode.swift; path = secondViewController.swift; sourceTree = "<group>"; };
/* End PBXFileReference section */

/* Begin PBXFrameworksBuildPhase section */
		2610B5CD246CF9FE00D79E89 /* Frameworks */ = {
			isa = PBXFrameworksBuildPhase;
			buildActionMask = 2147483647;
			files = (
			);
			runOnlyForDeploymentPostprocessing = 0;
		};
/* End PBXFrameworksBuildPhase section */

/* Begin PBXGroup section */
		2610B5C7246CF9FE00D79E89 = {
			isa = PBXGroup;
			children = (
				2610B5D2246CF9FE00D79E89 /* Flyt */,
				2610B5D1246CF9FE00D79E89 /* Products */,
			);
			sourceTree = "<group>";
		};
		2610B5D1246CF9FE00D79E89 /* Products */ = {
			isa = PBXGroup;
			children = (
				2610B5D0246CF9FE00D79E89 /* Flyt.app */,
			);
			name = Products;
			sourceTree = "<group>";
		};
		2610B5D2246CF9FE00D79E89 /* Flyt */ = {
			isa = PBXGroup;
			children = (
				2610B5E9246CFA7D00D79E89 /* Models */,
				2610B5D3246CF9FE00D79E89 /* AppDelegate.swift */,
				2610B5D9246CF9FE00D79E89 /* Main.storyboard */,
				2610B5D7246CF9FE00D79E89 /* ViewController.swift */,
				808F437D246D0FA800E41721 /* secondViewController.swift */,
				2610B5D5246CF9FE00D79E89 /* SceneDelegate.swift */,
				2610B5DC246CF9FF00D79E89 /* Assets.xcassets */,
				2610B5DE246CF9FF00D79E89 /* LaunchScreen.storyboard */,
				2610B5E1246CF9FF00D79E89 /* Info.plist */,
			);
			path = Flyt;
			sourceTree = "<group>";
		};
		2610B5E9246CFA7D00D79E89 /* Models */ = {
			isa = PBXGroup;
			children = (
				2610B5EA246CFAAB00D79E89 /* Level.swift */,
			);
			path = Models;
			sourceTree = "<group>";
		};
/* End PBXGroup section */

/* Begin PBXNativeTarget section */
		2610B5CF246CF9FE00D79E89 /* Flyt */ = {
			isa = PBXNativeTarget;
			buildConfigurationList = 2610B5E4246CF9FF00D79E89 /* Build configuration list for PBXNativeTarget "Flyt" */;
			buildPhases = (
				2610B5CC246CF9FE00D79E89 /* Sources */,
				2610B5CD246CF9FE00D79E89 /* Frameworks */,
				2610B5CE246CF9FE00D79E89 /* Resources */,
			);
			buildRules = (
			);
			dependencies = (
			);
			name = Flyt;
			productName = Flyt;
			productReference = 2610B5D0246CF9FE00D79E89 /* Flyt.app */;
			productType = "com.apple.product-type.application";
		};
/* End PBXNativeTarget section */

/* Begin PBXProject section */
		2610B5C8246CF9FE00D79E89 /* Project object */ = {
			isa = PBXProject;
			attributes = {
				LastSwiftUpdateCheck = 1140;
				LastUpgradeCheck = 1140;
				ORGANIZATIONNAME = "Wendy Kurniawan";
				TargetAttributes = {
					2610B5CF246CF9FE00D79E89 = {
						CreatedOnToolsVersion = 11.4.1;
					};
				};
			};
			buildConfigurationList = 2610B5CB246CF9FE00D79E89 /* Build configuration list for PBXProject "Flyt" */;
			compatibilityVersion = "Xcode 9.3";
			developmentRegion = en;
			hasScannedForEncodings = 0;
			knownRegions = (
				en,
				Base,
			);
			mainGroup = 2610B5C7246CF9FE00D79E89;
			productRefGroup = 2610B5D1246CF9FE00D79E89 /* Products */;
			projectDirPath = "";
			projectRoot = "";
			targets = (
				2610B5CF246CF9FE00D79E89 /* Flyt */,
			);
		};
/* End PBXProject section */

/* Begin PBXResourcesBuildPhase section */
		2610B5CE246CF9FE00D79E89 /* Resources */ = {
			isa = PBXResourcesBuildPhase;
			buildActionMask = 2147483647;
			files = (
				2610B5E0246CF9FF00D79E89 /* LaunchScreen.storyboard in Resources */,
				2610B5DD246CF9FF00D79E89 /* Assets.xcassets in Resources */,
				2610B5DB246CF9FE00D79E89 /* Main.storyboard in Resources */,
			);
			runOnlyForDeploymentPostprocessing = 0;
		};
/* End PBXResourcesBuildPhase section */

/* Begin PBXSourcesBuildPhase section */
		2610B5CC246CF9FE00D79E89 /* Sources */ = {
			isa = PBXSourcesBuildPhase;
			buildActionMask = 2147483647;
			files = (
				2610B5D8246CF9FE00D79E89 /* ViewController.swift in Sources */,
				2610B5D4246CF9FE00D79E89 /* AppDelegate.swift in Sources */,
				2610B5EB246CFAAB00D79E89 /* Level.swift in Sources */,
				808F437E246D0FA800E41721 /* secondViewController.swift in Sources */,
				2610B5D6246CF9FE00D79E89 /* SceneDelegate.swift in Sources */,
			);
			runOnlyForDeploymentPostprocessing = 0;
		};
/* End PBXSourcesBuildPhase section */

/* Begin PBXVariantGroup section */
		2610B5D9246CF9FE00D79E89 /* Main.storyboard */ = {
			isa = PBXVariantGroup;
			children = (
				2610B5DA246CF9FE00D79E89 /* Base */,
			);
			name = Main.storyboard;
			sourceTree = "<group>";
		};
		2610B5DE246CF9FF00D79E89 /* LaunchScreen.storyboard */ = {
			isa = PBXVariantGroup;
			children = (
				2610B5DF246CF9FF00D79E89 /* Base */,
			);
			name = LaunchScreen.storyboard;
			sourceTree = "<group>";
		};
/* End PBXVariantGroup section */

/* Begin XCBuildConfiguration section */
		2610B5E2246CF9FF00D79E89 /* Debug */ = {
			isa = XCBuildConfiguration;
			buildSettings = {
				ALWAYS_SEARCH_USER_PATHS = NO;
				CLANG_ANALYZER_NONNULL = YES;
				CLANG_ANALYZER_NUMBER_OBJECT_CONVERSION = YES_AGGRESSIVE;
				CLANG_CXX_LANGUAGE_STANDARD = "gnu++14";
				CLANG_CXX_LIBRARY = "libc++";
				CLANG_ENABLE_MODULES = YES;
				CLANG_ENABLE_OBJC_ARC = YES;
				CLANG_ENABLE_OBJC_WEAK = YES;
				CLANG_WARN_BLOCK_CAPTURE_AUTORELEASING = YES;
				CLANG_WARN_BOOL_CONVERSION = YES;
				CLANG_WARN_COMMA = YES;
				CLANG_WARN_CONSTANT_CONVERSION = YES;
				CLANG_WARN_DEPRECATED_OBJC_IMPLEMENTATIONS = YES;
				CLANG_WARN_DIRECT_OBJC_ISA_USAGE = YES_ERROR;
				CLANG_WARN_DOCUMENTATION_COMMENTS = YES;
				CLANG_WARN_EMPTY_BODY = YES;
				CLANG_WARN_ENUM_CONVERSION = YES;
				CLANG_WARN_INFINITE_RECURSION = YES;
				CLANG_WARN_INT_CONVERSION = YES;
				CLANG_WARN_NON_LITERAL_NULL_CONVERSION = YES;
				CLANG_WARN_OBJC_IMPLICIT_RETAIN_SELF = YES;
				CLANG_WARN_OBJC_LITERAL_CONVERSION = YES;
				CLANG_WARN_OBJC_ROOT_CLASS = YES_ERROR;
				CLANG_WARN_RANGE_LOOP_ANALYSIS = YES;
				CLANG_WARN_STRICT_PROTOTYPES = YES;
				CLANG_WARN_SUSPICIOUS_MOVE = YES;
				CLANG_WARN_UNGUARDED_AVAILABILITY = YES_AGGRESSIVE;
				CLANG_WARN_UNREACHABLE_CODE = YES;
				CLANG_WARN__DUPLICATE_METHOD_MATCH = YES;
				COPY_PHASE_STRIP = NO;
				DEBUG_INFORMATION_FORMAT = dwarf;
				ENABLE_STRICT_OBJC_MSGSEND = YES;
				ENABLE_TESTABILITY = YES;
				GCC_C_LANGUAGE_STANDARD = gnu11;
				GCC_DYNAMIC_NO_PIC = NO;
				GCC_NO_COMMON_BLOCKS = YES;
				GCC_OPTIMIZATION_LEVEL = 0;
				GCC_PREPROCESSOR_DEFINITIONS = (
					"DEBUG=1",
					"$(inherited)",
				);
				GCC_WARN_64_TO_32_BIT_CONVERSION = YES;
				GCC_WARN_ABOUT_RETURN_TYPE = YES_ERROR;
				GCC_WARN_UNDECLARED_SELECTOR = YES;
				GCC_WARN_UNINITIALIZED_AUTOS = YES_AGGRESSIVE;
				GCC_WARN_UNUSED_FUNCTION = YES;
				GCC_WARN_UNUSED_VARIABLE = YES;
				IPHONEOS_DEPLOYMENT_TARGET = 13.4;
				MTL_ENABLE_DEBUG_INFO = INCLUDE_SOURCE;
				MTL_FAST_MATH = YES;
				ONLY_ACTIVE_ARCH = YES;
				SDKROOT = iphoneos;
				SWIFT_ACTIVE_COMPILATION_CONDITIONS = DEBUG;
				SWIFT_OPTIMIZATION_LEVEL = "-Onone";
			};
			name = Debug;
		};
		2610B5E3246CF9FF00D79E89 /* Release */ = {
			isa = XCBuildConfiguration;
			buildSettings = {
				ALWAYS_SEARCH_USER_PATHS = NO;
				CLANG_ANALYZER_NONNULL = YES;
				CLANG_ANALYZER_NUMBER_OBJECT_CONVERSION = YES_AGGRESSIVE;
				CLANG_CXX_LANGUAGE_STANDARD = "gnu++14";
				CLANG_CXX_LIBRARY = "libc++";
				CLANG_ENABLE_MODULES = YES;
				CLANG_ENABLE_OBJC_ARC = YES;
				CLANG_ENABLE_OBJC_WEAK = YES;
				CLANG_WARN_BLOCK_CAPTURE_AUTORELEASING = YES;
				CLANG_WARN_BOOL_CONVERSION = YES;
				CLANG_WARN_COMMA = YES;
				CLANG_WARN_CONSTANT_CONVERSION = YES;
				CLANG_WARN_DEPRECATED_OBJC_IMPLEMENTATIONS = YES;
				CLANG_WARN_DIRECT_OBJC_ISA_USAGE = YES_ERROR;
				CLANG_WARN_DOCUMENTATION_COMMENTS = YES;
				CLANG_WARN_EMPTY_BODY = YES;
				CLANG_WARN_ENUM_CONVERSION = YES;
				CLANG_WARN_INFINITE_RECURSION = YES;
				CLANG_WARN_INT_CONVERSION = YES;
				CLANG_WARN_NON_LITERAL_NULL_CONVERSION = YES;
				CLANG_WARN_OBJC_IMPLICIT_RETAIN_SELF = YES;
				CLANG_WARN_OBJC_LITERAL_CONVERSION = YES;
				CLANG_WARN_OBJC_ROOT_CLASS = YES_ERROR;
				CLANG_WARN_RANGE_LOOP_ANALYSIS = YES;
				CLANG_WARN_STRICT_PROTOTYPES = YES;
				CLANG_WARN_SUSPICIOUS_MOVE = YES;
				CLANG_WARN_UNGUARDED_AVAILABILITY = YES_AGGRESSIVE;
				CLANG_WARN_UNREACHABLE_CODE = YES;
				CLANG_WARN__DUPLICATE_METHOD_MATCH = YES;
				COPY_PHASE_STRIP = NO;
				DEBUG_INFORMATION_FORMAT = "dwarf-with-dsym";
				ENABLE_NS_ASSERTIONS = NO;
				ENABLE_STRICT_OBJC_MSGSEND = YES;
				GCC_C_LANGUAGE_STANDARD = gnu11;
				GCC_NO_COMMON_BLOCKS = YES;
				GCC_WARN_64_TO_32_BIT_CONVERSION = YES;
				GCC_WARN_ABOUT_RETURN_TYPE = YES_ERROR;
				GCC_WARN_UNDECLARED_SELECTOR = YES;
				GCC_WARN_UNINITIALIZED_AUTOS = YES_AGGRESSIVE;
				GCC_WARN_UNUSED_FUNCTION = YES;
				GCC_WARN_UNUSED_VARIABLE = YES;
				IPHONEOS_DEPLOYMENT_TARGET = 13.4;
				MTL_ENABLE_DEBUG_INFO = NO;
				MTL_FAST_MATH = YES;
				SDKROOT = iphoneos;
				SWIFT_COMPILATION_MODE = wholemodule;
				SWIFT_OPTIMIZATION_LEVEL = "-O";
				VALIDATE_PRODUCT = YES;
			};
			name = Release;
		};
		2610B5E5246CF9FF00D79E89 /* Debug */ = {
			isa = XCBuildConfiguration;
			buildSettings = {
				ASSETCATALOG_COMPILER_APPICON_NAME = AppIcon;
				CODE_SIGN_STYLE = Automatic;
				DEVELOPMENT_TEAM = HA727BMPYK;
				INFOPLIST_FILE = Flyt/Info.plist;
				LD_RUNPATH_SEARCH_PATHS = (
					"$(inherited)",
					"@executable_path/Frameworks",
				);
				PRODUCT_BUNDLE_IDENTIFIER = com.wendykurniawan.Flyt;
				PRODUCT_NAME = "$(TARGET_NAME)";
				SWIFT_VERSION = 5.0;
				TARGETED_DEVICE_FAMILY = "1,2";
			};
			name = Debug;
		};
		2610B5E6246CF9FF00D79E89 /* Release */ = {
			isa = XCBuildConfiguration;
			buildSettings = {
				ASSETCATALOG_COMPILER_APPICON_NAME = AppIcon;
				CODE_SIGN_STYLE = Automatic;
				DEVELOPMENT_TEAM = HA727BMPYK;
				INFOPLIST_FILE = Flyt/Info.plist;
				LD_RUNPATH_SEARCH_PATHS = (
					"$(inherited)",
					"@executable_path/Frameworks",
				);
				PRODUCT_BUNDLE_IDENTIFIER = com.wendykurniawan.Flyt;
				PRODUCT_NAME = "$(TARGET_NAME)";
				SWIFT_VERSION = 5.0;
				TARGETED_DEVICE_FAMILY = "1,2";
			};
			name = Release;
		};
/* End XCBuildConfiguration section */

/* Begin XCConfigurationList section */
		2610B5CB246CF9FE00D79E89 /* Build configuration list for PBXProject "Flyt" */ = {
			isa = XCConfigurationList;
			buildConfigurations = (
				2610B5E2246CF9FF00D79E89 /* Debug */,
				2610B5E3246CF9FF00D79E89 /* Release */,
			);
			defaultConfigurationIsVisible = 0;
			defaultConfigurationName = Release;
		};
		2610B5E4246CF9FF00D79E89 /* Build configuration list for PBXNativeTarget "Flyt" */ = {
			isa = XCConfigurationList;
			buildConfigurations = (
				2610B5E5246CF9FF00D79E89 /* Debug */,
				2610B5E6246CF9FF00D79E89 /* Release */,
			);
			defaultConfigurationIsVisible = 0;
			defaultConfigurationName = Release;
		};
/* End XCConfigurationList section */
	};
	rootObject = 2610B5C8246CF9FE00D79E89 /* Project object */;
}
